
Microsoft Visual Studio Solution File, Format Version 12.00
# Visual Studio Version 17
VisualStudioVersion = 17.11.35303.130
MinimumVisualStudioVersion = 10.0.40219.1
Project("{FAE04EC0-301F-11D3-BF4B-00C04F79EFBC}") = "nepesseg17", "nepesseg17.csproj", "{66AECC57-E3A8-473A-BC77-4FA7CA3466E0}"
EndProject
Global
	GlobalSection(SolutionConfigurationPlatforms) = preSolution
		Debug|Any CPU = Debug|Any CPU
		Release|Any CPU = Release|Any CPU
	EndGlobalSection
	GlobalSection(ProjectConfigurationPlatforms) = postSolution
		{66AECC57-E3A8-473A-BC77-4FA7CA3466E0}.Debug|Any CPU.ActiveCfg = Debug|Any CPU
		{66AECC57-E3A8-473A-BC77-4FA7CA3466E0}.Debug|Any CPU.Build.0 = Debug|Any CPU
		{66AECC57-E3A8-473A-BC77-4FA7CA3466E0}.Release|Any CPU.ActiveCfg = Release|Any CPU
		{66AECC57-E3A8-473A-BC77-4FA7CA3466E0}.Release|Any CPU.Build.0 = Release|Any CPU
	EndGlobalSection
	GlobalSection(SolutionProperties) = preSolution
		HideSolutionNode = FALSE
	EndGlobalSection
	GlobalSection(ExtensibilityGlobals) = postSolution
		SolutionGuid = {C95562CC-1704-43C4-9A09-53CEC6D5EE9D}
	EndGlobalSection
EndGlobal
